
Microsoft Visual Studio Solution File, Format Version 12.00
# Visual Studio Version 16
VisualStudioVersion = 16.0.32929.386
MinimumVisualStudioVersion = 10.0.40219.1
Project("{FAE04EC0-301F-11D3-BF4B-00C04F79EFBC}") = "MeterCharge.BusinessLogic", "MeterCharge.BusinessLogic.csproj", "{DBBB23DF-CCAD-412D-935D-0C6B23B9D67D}"
EndProject
Project("{FAE04EC0-301F-11D3-BF4B-00C04F79EFBC}") = "MeterCharge.Entity", "..\MeterCharge.Entity\MeterCharge.Entity.csproj", "{843C64AD-EAC4-4D03-B54C-3B09D4D0D25D}"
EndProject
Project("{FAE04EC0-301F-11D3-BF4B-00C04F79EFBC}") = "MeterCharge.UnitTest", "..\MeterCharge.UnitTest\MeterCharge.UnitTest.csproj", "{7E03143C-8E92-4130-933A-652C6B0034E7}"
EndProject
Global
	GlobalSection(SolutionConfigurationPlatforms) = preSolution
		Debug|Any CPU = Debug|Any CPU
		Release|Any CPU = Release|Any CPU
	EndGlobalSection
	GlobalSection(ProjectConfigurationPlatforms) = postSolution
		{DBBB23DF-CCAD-412D-935D-0C6B23B9D67D}.Debug|Any CPU.ActiveCfg = Debug|Any CPU
		{DBBB23DF-CCAD-412D-935D-0C6B23B9D67D}.Debug|Any CPU.Build.0 = Debug|Any CPU
		{DBBB23DF-CCAD-412D-935D-0C6B23B9D67D}.Release|Any CPU.ActiveCfg = Release|Any CPU
		{DBBB23DF-CCAD-412D-935D-0C6B23B9D67D}.Release|Any CPU.Build.0 = Release|Any CPU
		{843C64AD-EAC4-4D03-B54C-3B09D4D0D25D}.Debug|Any CPU.ActiveCfg = Debug|Any CPU
		{843C64AD-EAC4-4D03-B54C-3B09D4D0D25D}.Debug|Any CPU.Build.0 = Debug|Any CPU
		{843C64AD-EAC4-4D03-B54C-3B09D4D0D25D}.Release|Any CPU.ActiveCfg = Release|Any CPU
		{843C64AD-EAC4-4D03-B54C-3B09D4D0D25D}.Release|Any CPU.Build.0 = Release|Any CPU
		{7E03143C-8E92-4130-933A-652C6B0034E7}.Debug|Any CPU.ActiveCfg = Debug|Any CPU
		{7E03143C-8E92-4130-933A-652C6B0034E7}.Debug|Any CPU.Build.0 = Debug|Any CPU
		{7E03143C-8E92-4130-933A-652C6B0034E7}.Release|Any CPU.ActiveCfg = Release|Any CPU
		{7E03143C-8E92-4130-933A-652C6B0034E7}.Release|Any CPU.Build.0 = Release|Any CPU
	EndGlobalSection
	GlobalSection(SolutionProperties) = preSolution
		HideSolutionNode = FALSE
	EndGlobalSection
	GlobalSection(ExtensibilityGlobals) = postSolution
		SolutionGuid = {362197B7-2221-4B80-A7C0-EE964CEDAFEA}
	EndGlobalSection
EndGlobal
